
Microsoft Visual Studio Solution File, Format Version 12.00
# Visual Studio Version 16
VisualStudioVersion = 16.0.37027.11
MinimumVisualStudioVersion = 10.0.40219.1
Project("{FAE04EC0-301F-11D3-BF4B-00C04F79EFBC}") = "SaleManage", "SaleManage.csproj", "{91511053-32D3-4356-ADC1-2A7543D54B74}"
EndProject
Global
	GlobalSection(SolutionConfigurationPlatforms) = preSolution
		Debug|Any CPU = Debug|Any CPU
		Release|Any CPU = Release|Any CPU
	EndGlobalSection
	GlobalSection(ProjectConfigurationPlatforms) = postSolution
		{91511053-32D3-4356-ADC1-2A7543D54B74}.Debug|Any CPU.ActiveCfg = Debug|Any CPU
		{91511053-32D3-4356-ADC1-2A7543D54B74}.Debug|Any CPU.Build.0 = Debug|Any CPU
		{91511053-32D3-4356-ADC1-2A7543D54B74}.Release|Any CPU.ActiveCfg = Release|Any CPU
		{91511053-32D3-4356-ADC1-2A7543D54B74}.Release|Any CPU.Build.0 = Release|Any CPU
	EndGlobalSection
	GlobalSection(SolutionProperties) = preSolution
		HideSolutionNode = FALSE
	EndGlobalSection
	GlobalSection(ExtensibilityGlobals) = postSolution
		SolutionGuid = {EFAD85AA-B636-4643-847E-C01BB53449F1}
	EndGlobalSection
EndGlobal
